
Microsoft Visual Studio Solution File, Format Version 12.00
# Visual Studio Version 17
VisualStudioVersion = 17.0.32112.339
MinimumVisualStudioVersion = 10.0.40219.1
Project("{8BC9CEB8-8B4A-11D0-8D11-00A0C91BC942}") = "HPC_4(Single)", "HPC_4(Single).vcxproj", "{FFAA165A-E177-4CBA-B1B0-B67C94808269}"
EndProject
Global
	GlobalSection(SolutionConfigurationPlatforms) = preSolution
		Debug|x64 = Debug|x64
		Debug|x86 = Debug|x86
		Release|x64 = Release|x64
		Release|x86 = Release|x86
	EndGlobalSection
	GlobalSection(ProjectConfigurationPlatforms) = postSolution
		{FFAA165A-E177-4CBA-B1B0-B67C94808269}.Debug|x64.ActiveCfg = Debug|x64
		{FFAA165A-E177-4CBA-B1B0-B67C94808269}.Debug|x64.Build.0 = Debug|x64
		{FFAA165A-E177-4CBA-B1B0-B67C94808269}.Debug|x86.ActiveCfg = Debug|Win32
		{FFAA165A-E177-4CBA-B1B0-B67C94808269}.Debug|x86.Build.0 = Debug|Win32
		{FFAA165A-E177-4CBA-B1B0-B67C94808269}.Release|x64.ActiveCfg = Release|x64
		{FFAA165A-E177-4CBA-B1B0-B67C94808269}.Release|x64.Build.0 = Release|x64
		{FFAA165A-E177-4CBA-B1B0-B67C94808269}.Release|x86.ActiveCfg = Release|Win32
		{FFAA165A-E177-4CBA-B1B0-B67C94808269}.Release|x86.Build.0 = Release|Win32
	EndGlobalSection
	GlobalSection(SolutionProperties) = preSolution
		HideSolutionNode = FALSE
	EndGlobalSection
	GlobalSection(ExtensibilityGlobals) = postSolution
		SolutionGuid = {003256E1-C335-4024-88EC-C376A9AD022E}
	EndGlobalSection
EndGlobal
